github.com/didip/tollbooth v1.0.0 h1:nVIxVp0Jj75TVxTwUdbRzC0qO0K/LRZudetGemvTCxQ=
github.com/didip/tollbooth v4.0.2+incompatible h1:fVSa33JzSz0hoh2NxpwZtksAzAgd7zjmGO20HCZtF4M=
github.com/didip/tollbooth v4.0.2+incompatible/go.mod h1:A9b0665CE6l1KmzpDws2++elm/CsuWBMa5Jv4WY0PEY=
github.com/eyedeekay/goSam v0.32.28 h1:8O9aDGr45EIS82TRm4x0xAnGnz6ZHW0/8oyqziYiN9U=
github.com/eyedeekay/goSam v0.32.28/go.mod h1:YIklxqKiJ3I5JNRgb5pM7VCQOSNDGnVulHnrKBbbECM=
github.com/eyedeekay/ramp v0.0.0-20190429201811-305b382042ab/go.mod h1:h7mvUAMgZ/rtRDUOkvKTK+8LnDMeUhJSoa5EPdB51fc=
github.com/eyedeekay/sam3 v0.32.2/go.mod h1:Y3igFVzN4ybqkkpfUWULGhw7WRp8lieq0ORXbLBbcZM=
github.com/eyedeekay/sam3 v0.32.32-0.20201121224450-704f2971b5f5 h1:xAES0T067d2FLFqIbluudiZuo/NhWBjvxOD4mG56ATQ=
github.com/eyedeekay/sam3 v0.32.32-0.20201121224450-704f2971b5f5/go.mod h1:qRA9KIIVxbrHlkj+ZB+OoxFGFgdKeGp1vSgPw26eOVU=
github.com/eyedeekay/sam3 v0.32.32-0.20201122050504-a2f2e6786a38 h1:sTWudGGFa4p/GDHzF7hBRxPV0ujlK2CQb1TRAeMn+B0=
github.com/eyedeekay/sam3 v0.32.32-0.20201122050504-a2f2e6786a38/go.mod h1:qRA9KIIVxbrHlkj+ZB+OoxFGFgdKeGp1vSgPw26eOVU=
github.com/eyedeekay/sam3 v0.32.32-0.20201122050855-f464873c9350 h1:8R4zcaWsgANiZ4MKKBPUf9Isct2M1IFVUVZdAMqPCmU=
github.com/eyedeekay/sam3 v0.32.32-0.20201122050855-f464873c9350/go.mod h1:qRA9KIIVxbrHlkj+ZB+OoxFGFgdKeGp1vSgPw26eOVU=
github.com/justinas/nosurf v1.1.1 h1:92Aw44hjSK4MxJeMSyDa7jwuI9GR2J/JCQiaKvXXSlk=
github.com/justinas/nosurf v1.1.1/go.mod h1:ALpWdSbuNGy2lZWtyXdjkYv4edL23oSEgfBT1gPJ5BQ=
github.com/patrickmn/go-cache v1.0.0 h1:3gD5McaYs9CxjyK5AXGcq8gdeCARtd/9gJDUvVeaZ0Y=
github.com/patrickmn/go-cache v2.1.0+incompatible h1:HRMgzkcYKYpi3C8ajMPV8OFXaaRUnok+kx1WdO15EQc=
github.com/patrickmn/go-cache v2.1.0+incompatible/go.mod h1:3Qf8kWWT7OJRJbdiICTKqZju1ZixQ/KpMGzzAfe6+WQ=
golang.org/x/time v0.0.0-20200630173020-3af7569d3a1e h1:EHBhcS0mlXEAVwNyO2dLfjToGsyY4j24pTs2ScHnX7s=
golang.org/x/time v0.0.0-20200630173020-3af7569d3a1e/go.mod h1:tRJNPiyCQ0inRvYxbN9jk5I+vvW/OXSQhTDSoE431IQ=
